{
  "name": "deploy-exercise",
  "version": "0.0.0",
  "lockfileVersion": 1,
  "requires": true,
  "dependencies": {
    "dotenv": {
      "version": "4.0.0",
      "resolved": "https://registry.npmjs.org/dotenv/-/dotenv-4.0.0.tgz",
      "integrity": "sha1-hk7xN5rO1Vzm+V3r7NzhefegzR0="
    },
    "n": {
      "version": "2.1.8",
      "resolved": "https://registry.npmjs.org/n/-/n-2.1.8.tgz",
      "integrity": "sha512-VN3To6jBHSdTHmv+fT00V1nBdj3MWdcOlEKBEaUtXKRqQhuN289B9Jym9P/L3rXfafAsapmh4Fcr/DUR8DGJVg=="
    }
  }
}
